
Microsoft Visual Studio Solution File, Format Version 12.00
# Visual Studio 15
VisualStudioVersion = 15.0.26124.0
MinimumVisualStudioVersion = 15.0.26124.0
Project("{FAE04EC0-301F-11D3-BF4B-00C04F79EFBC}") = "Main", "Main\Main.csproj", "{AEFD09B0-9C37-475A-9542-F7389942EC58}"
EndProject
Project("{FAE04EC0-301F-11D3-BF4B-00C04F79EFBC}") = "GraphService", "GraphService\GraphService.csproj", "{D23223B3-AB94-4300-AE4E-486ED9E4D5B1}"
EndProject
Global
	GlobalSection(SolutionConfigurationPlatforms) = preSolution
		Debug|Any CPU = Debug|Any CPU
		Debug|x64 = Debug|x64
		Debug|x86 = Debug|x86
		Release|Any CPU = Release|Any CPU
		Release|x64 = Release|x64
		Release|x86 = Release|x86
	EndGlobalSection
	GlobalSection(SolutionProperties) = preSolution
		HideSolutionNode = FALSE
	EndGlobalSection
	GlobalSection(ProjectConfigurationPlatforms) = postSolution
		{AEFD09B0-9C37-475A-9542-F7389942EC58}.Debug|Any CPU.ActiveCfg = Debug|Any CPU
		{AEFD09B0-9C37-475A-9542-F7389942EC58}.Debug|Any CPU.Build.0 = Debug|Any CPU
		{AEFD09B0-9C37-475A-9542-F7389942EC58}.Debug|Any CPU.Deploy.0 = Debug|Any CPU
		{D23223B3-AB94-4300-AE4E-486ED9E4D5B1}.Debug|Any CPU.ActiveCfg = Debug|Any CPU
		{D23223B3-AB94-4300-AE4E-486ED9E4D5B1}.Debug|Any CPU.Build.0 = Debug|Any CPU
		{D23223B3-AB94-4300-AE4E-486ED9E4D5B1}.Debug|x64.ActiveCfg = Debug|x64
		{D23223B3-AB94-4300-AE4E-486ED9E4D5B1}.Debug|x64.Build.0 = Debug|x64
		{D23223B3-AB94-4300-AE4E-486ED9E4D5B1}.Debug|x86.ActiveCfg = Debug|x86
		{D23223B3-AB94-4300-AE4E-486ED9E4D5B1}.Debug|x86.Build.0 = Debug|x86
		{D23223B3-AB94-4300-AE4E-486ED9E4D5B1}.Release|Any CPU.ActiveCfg = Release|Any CPU
		{D23223B3-AB94-4300-AE4E-486ED9E4D5B1}.Release|Any CPU.Build.0 = Release|Any CPU
		{D23223B3-AB94-4300-AE4E-486ED9E4D5B1}.Release|x64.ActiveCfg = Release|x64
		{D23223B3-AB94-4300-AE4E-486ED9E4D5B1}.Release|x64.Build.0 = Release|x64
		{D23223B3-AB94-4300-AE4E-486ED9E4D5B1}.Release|x86.ActiveCfg = Release|x86
		{D23223B3-AB94-4300-AE4E-486ED9E4D5B1}.Release|x86.Build.0 = Release|x86
	EndGlobalSection
EndGlobal
